// !$*UTF8*$!
{
	archiveVersion = 1;
	classes = {
	};
	objectVersion = 50;
	objects = {

/* Begin PBXBuildFile section */
		9F192C472204CEFD001A00D6 /* SearchViewController.swift in Sources */ = {isa = PBXBuildFile; fileRef = 9F192C462204CEFD001A00D6 /* SearchViewController.swift */; };
		9F192C49220503D2001A00D6 /* SearchArtistAPIModel.swift in Sources */ = {isa = PBXBuildFile; fileRef = 9F192C48220503D2001A00D6 /* SearchArtistAPIModel.swift */; };
		9F562B6F220AF0FB0084AA32 /* SearchAlbumAPIModel.swift in Sources */ = {isa = PBXBuildFile; fileRef = 9F562B6E220AF0FB0084AA32 /* SearchAlbumAPIModel.swift */; };
		9F7D84F2220B460000FEC5CF /* SearchAlbumDetailsAPIModel.swift in Sources */ = {isa = PBXBuildFile; fileRef = 9F7D84F1220B460000FEC5CF /* SearchAlbumDetailsAPIModel.swift */; };
		9F7D84F8220B713E00FEC5CF /* DetailViewController.swift in Sources */ = {isa = PBXBuildFile; fileRef = 9F7D84F7220B713E00FEC5CF /* DetailViewController.swift */; };
		9F9E0B0A220F5B5500BF9AAE /* StoredALbumsCell.swift in Sources */ = {isa = PBXBuildFile; fileRef = 9F9E0B09220F5B5500BF9AAE /* StoredALbumsCell.swift */; };
		9F9E0B0C22106B9F00BF9AAE /* TracksDataStructure.swift in Sources */ = {isa = PBXBuildFile; fileRef = 9F9E0B0B22106B9F00BF9AAE /* TracksDataStructure.swift */; };
		9F9E0B0E22106EB100BF9AAE /* Tracks +CoreDataClass.swift in Sources */ = {isa = PBXBuildFile; fileRef = 9F9E0B0D22106EB100BF9AAE /* Tracks +CoreDataClass.swift */; };
		9F9E0B1022106EDD00BF9AAE /* Tracks +CoreDataProperties.swift in Sources */ = {isa = PBXBuildFile; fileRef = 9F9E0B0F22106EDD00BF9AAE /* Tracks +CoreDataProperties.swift */; };
		9F9E0B1222108E8E00BF9AAE /* SearchResults.swift in Sources */ = {isa = PBXBuildFile; fileRef = 9F9E0B1122108E8E00BF9AAE /* SearchResults.swift */; };
		9F9E0B1422108EBC00BF9AAE /* Artist.swift in Sources */ = {isa = PBXBuildFile; fileRef = 9F9E0B1322108EBC00BF9AAE /* Artist.swift */; };
		9F9E0B1622108EF700BF9AAE /* Image.swift in Sources */ = {isa = PBXBuildFile; fileRef = 9F9E0B1522108EF700BF9AAE /* Image.swift */; };
		9F9E0B1822108F3000BF9AAE /* Artistmatche.swift in Sources */ = {isa = PBXBuildFile; fileRef = 9F9E0B1722108F3000BF9AAE /* Artistmatche.swift */; };
		9F9E0B1A2210900600BF9AAE /* Topalbum.swift in Sources */ = {isa = PBXBuildFile; fileRef = 9F9E0B192210900600BF9AAE /* Topalbum.swift */; };
		9F9E0B1E2210901D00BF9AAE /* AlbumImage.swift in Sources */ = {isa = PBXBuildFile; fileRef = 9F9E0B1D2210901D00BF9AAE /* AlbumImage.swift */; };
		9F9E0B202210906C00BF9AAE /* Album.swift in Sources */ = {isa = PBXBuildFile; fileRef = 9F9E0B1F2210906C00BF9AAE /* Album.swift */; };
		9F9E0B222210908100BF9AAE /* Track.swift in Sources */ = {isa = PBXBuildFile; fileRef = 9F9E0B212210908100BF9AAE /* Track.swift */; };
		9FB166292209F45700240114 /* ArtistCell.swift in Sources */ = {isa = PBXBuildFile; fileRef = 9FB166282209F45700240114 /* ArtistCell.swift */; };
		9FB1662F220ACBF300240114 /* Network.swift in Sources */ = {isa = PBXBuildFile; fileRef = 9FB1662E220ACBF300240114 /* Network.swift */; };
		9FB16631220ACD5400240114 /* AlbumsViewController.swift in Sources */ = {isa = PBXBuildFile; fileRef = 9FB16630220ACD5400240114 /* AlbumsViewController.swift */; };
		9FB16633220ACE0C00240114 /* Albums +CoreDataClass.swift in Sources */ = {isa = PBXBuildFile; fileRef = 9FB16632220ACE0C00240114 /* Albums +CoreDataClass.swift */; };
		9FB16635220ACE6500240114 /* CoreDataManager.swift in Sources */ = {isa = PBXBuildFile; fileRef = 9FB16634220ACE6500240114 /* CoreDataManager.swift */; };
		9FB16637220ACE9100240114 /* Albums +CoreDataProperties.swift in Sources */ = {isa = PBXBuildFile; fileRef = 9FB16636220ACE9100240114 /* Albums +CoreDataProperties.swift */; };
		9FB1663A220ACF6300240114 /* SaveData.swift in Sources */ = {isa = PBXBuildFile; fileRef = 9FB16639220ACF6300240114 /* SaveData.swift */; };
		9FB1663C220ACFA700240114 /* AlbumDataStructure.swift in Sources */ = {isa = PBXBuildFile; fileRef = 9FB1663B220ACFA700240114 /* AlbumDataStructure.swift */; };
		9FB1663E220AEA0B00240114 /* AlbumCell.swift in Sources */ = {isa = PBXBuildFile; fileRef = 9FB1663D220AEA0B00240114 /* AlbumCell.swift */; };
		9FF631C9221C354100C037AD /* Search.storyboard in Resources */ = {isa = PBXBuildFile; fileRef = 9FF631C8221C354100C037AD /* Search.storyboard */; };
		9FF631CB221C35AD00C037AD /* Albums.storyboard in Resources */ = {isa = PBXBuildFile; fileRef = 9FF631CA221C35AD00C037AD /* Albums.storyboard */; };
		9FF631CD221C35E900C037AD /* Detail.storyboard in Resources */ = {isa = PBXBuildFile; fileRef = 9FF631CC221C35E900C037AD /* Detail.storyboard */; };
		9FF631CF221C456200C037AD /* AlbumName.swift in Sources */ = {isa = PBXBuildFile; fileRef = 9FF631CE221C456200C037AD /* AlbumName.swift */; };
		9FFB361622040EC0001F9A4D /* AppDelegate.swift in Sources */ = {isa = PBXBuildFile; fileRef = 9FFB361522040EC0001F9A4D /* AppDelegate.swift */; };
		9FFB361822040EC0001F9A4D /* MainScreenViewController.swift in Sources */ = {isa = PBXBuildFile; fileRef = 9FFB361722040EC0001F9A4D /* MainScreenViewController.swift */; };
		9FFB361B22040EC0001F9A4D /* Main.storyboard in Resources */ = {isa = PBXBuildFile; fileRef = 9FFB361922040EC0001F9A4D /* Main.storyboard */; };
		9FFB361E22040EC0001F9A4D /* DataModel.xcdatamodeld in Sources */ = {isa = PBXBuildFile; fileRef = 9FFB361C22040EC0001F9A4D /* DataModel.xcdatamodeld */; };
		9FFB362022040EC2001F9A4D /* Assets.xcassets in Resources */ = {isa = PBXBuildFile; fileRef = 9FFB361F22040EC2001F9A4D /* Assets.xcassets */; };
		9FFB362322040EC2001F9A4D /* LaunchScreen.storyboard in Resources */ = {isa = PBXBuildFile; fileRef = 9FFB362122040EC2001F9A4D /* LaunchScreen.storyboard */; };
/* End PBXBuildFile section */

/* Begin PBXFileReference section */
		9F192C462204CEFD001A00D6 /* SearchViewController.swift */ = {isa = PBXFileReference; lastKnownFileType = sourcecode.swift; path = SearchViewController.swift; sourceTree = "<group>"; };
		9F192C48220503D2001A00D6 /* SearchArtistAPIModel.swift */ = {isa = PBXFileReference; lastKnownFileType = sourcecode.swift; path = SearchArtistAPIModel.swift; sourceTree = "<group>"; };
		9F562B6E220AF0FB0084AA32 /* SearchAlbumAPIModel.swift */ = {isa = PBXFileReference; lastKnownFileType = sourcecode.swift; path = SearchAlbumAPIModel.swift; sourceTree = "<group>"; };
		9F7D84F1220B460000FEC5CF /* SearchAlbumDetailsAPIModel.swift */ = {isa = PBXFileReference; lastKnownFileType = sourcecode.swift; path = SearchAlbumDetailsAPIModel.swift; sourceTree = "<group>"; };
		9F7D84F7220B713E00FEC5CF /* DetailViewController.swift */ = {isa = PBXFileReference; lastKnownFileType = sourcecode.swift; path = DetailViewController.swift; sourceTree = "<group>"; };
		9F9E0B09220F5B5500BF9AAE /* StoredALbumsCell.swift */ = {isa = PBXFileReference; lastKnownFileType = sourcecode.swift; path = StoredALbumsCell.swift; sourceTree = "<group>"; };
		9F9E0B0B22106B9F00BF9AAE /* TracksDataStructure.swift */ = {isa = PBXFileReference; lastKnownFileType = sourcecode.swift; path = TracksDataStructure.swift; sourceTree = "<group>"; };
		9F9E0B0D22106EB100BF9AAE /* Tracks +CoreDataClass.swift */ = {isa = PBXFileReference; lastKnownFileType = sourcecode.swift; path = "Tracks +CoreDataClass.swift"; sourceTree = "<group>"; };
		9F9E0B0F22106EDD00BF9AAE /* Tracks +CoreDataProperties.swift */ = {isa = PBXFileReference; lastKnownFileType = sourcecode.swift; path = "Tracks +CoreDataProperties.swift"; sourceTree = "<group>"; };
		9F9E0B1122108E8E00BF9AAE /* SearchResults.swift */ = {isa = PBXFileReference; lastKnownFileType = sourcecode.swift; path = SearchResults.swift; sourceTree = "<group>"; };
		9F9E0B1322108EBC00BF9AAE /* Artist.swift */ = {isa = PBXFileReference; lastKnownFileType = sourcecode.swift; path = Artist.swift; sourceTree = "<group>"; };
		9F9E0B1522108EF700BF9AAE /* Image.swift */ = {isa = PBXFileReference; lastKnownFileType = sourcecode.swift; path = Image.swift; sourceTree = "<group>"; };
		9F9E0B1722108F3000BF9AAE /* Artistmatche.swift */ = {isa = PBXFileReference; lastKnownFileType = sourcecode.swift; path = Artistmatche.swift; sourceTree = "<group>"; };
		9F9E0B192210900600BF9AAE /* Topalbum.swift */ = {isa = PBXFileReference; lastKnownFileType = sourcecode.swift; path = Topalbum.swift; sourceTree = "<group>"; };
		9F9E0B1D2210901D00BF9AAE /* AlbumImage.swift */ = {isa = PBXFileReference; lastKnownFileType = sourcecode.swift; path = AlbumImage.swift; sourceTree = "<group>"; };
		9F9E0B1F2210906C00BF9AAE /* Album.swift */ = {isa = PBXFileReference; lastKnownFileType = sourcecode.swift; path = Album.swift; sourceTree = "<group>"; };
		9F9E0B212210908100BF9AAE /* Track.swift */ = {isa = PBXFileReference; lastKnownFileType = sourcecode.swift; path = Track.swift; sourceTree = "<group>"; };
		9FB166282209F45700240114 /* ArtistCell.swift */ = {isa = PBXFileReference; lastKnownFileType = sourcecode.swift; path = ArtistCell.swift; sourceTree = "<group>"; };
		9FB1662E220ACBF300240114 /* Network.swift */ = {isa = PBXFileReference; lastKnownFileType = sourcecode.swift; path = Network.swift; sourceTree = "<group>"; };
		9FB16630220ACD5400240114 /* AlbumsViewController.swift */ = {isa = PBXFileReference; lastKnownFileType = sourcecode.swift; path = AlbumsViewController.swift; sourceTree = "<group>"; };
		9FB16632220ACE0C00240114 /* Albums +CoreDataClass.swift */ = {isa = PBXFileReference; lastKnownFileType = sourcecode.swift; path = "Albums +CoreDataClass.swift"; sourceTree = "<group>"; };
		9FB16634220ACE6500240114 /* CoreDataManager.swift */ = {isa = PBXFileReference; fileEncoding = 4; lastKnownFileType = sourcecode.swift; path = CoreDataManager.swift; sourceTree = "<group>"; };
		9FB16636220ACE9100240114 /* Albums +CoreDataProperties.swift */ = {isa = PBXFileReference; lastKnownFileType = sourcecode.swift; path = "Albums +CoreDataProperties.swift"; sourceTree = "<group>"; };
		9FB16639220ACF6300240114 /* SaveData.swift */ = {isa = PBXFileReference; lastKnownFileType = sourcecode.swift; path = SaveData.swift; sourceTree = "<group>"; };
		9FB1663B220ACFA700240114 /* AlbumDataStructure.swift */ = {isa = PBXFileReference; lastKnownFileType = sourcecode.swift; path = AlbumDataStructure.swift; sourceTree = "<group>"; };
		9FB1663D220AEA0B00240114 /* AlbumCell.swift */ = {isa = PBXFileReference; lastKnownFileType = sourcecode.swift; path = AlbumCell.swift; sourceTree = "<group>"; };
		9FF631C8221C354100C037AD /* Search.storyboard */ = {isa = PBXFileReference; lastKnownFileType = file.storyboard; path = Search.storyboard; sourceTree = "<group>"; };
		9FF631CA221C35AD00C037AD /* Albums.storyboard */ = {isa = PBXFileReference; lastKnownFileType = file.storyboard; path = Albums.storyboard; sourceTree = "<group>"; };
		9FF631CC221C35E900C037AD /* Detail.storyboard */ = {isa = PBXFileReference; lastKnownFileType = file.storyboard; path = Detail.storyboard; sourceTree = "<group>"; };
		9FF631CE221C456200C037AD /* AlbumName.swift */ = {isa = PBXFileReference; fileEncoding = 4; lastKnownFileType = sourcecode.swift; path = AlbumName.swift; sourceTree = "<group>"; };
		9FFB361222040EC0001F9A4D /* Last-FM Albums.app */ = {isa = PBXFileReference; explicitFileType = wrapper.application; includeInIndex = 0; path = "Last-FM Albums.app"; sourceTree = BUILT_PRODUCTS_DIR; };
		9FFB361522040EC0001F9A4D /* AppDelegate.swift */ = {isa = PBXFileReference; lastKnownFileType = sourcecode.swift; path = AppDelegate.swift; sourceTree = "<group>"; };
		9FFB361722040EC0001F9A4D /* MainScreenViewController.swift */ = {isa = PBXFileReference; lastKnownFileType = sourcecode.swift; path = MainScreenViewController.swift; sourceTree = "<group>"; };
		9FFB361A22040EC0001F9A4D /* Base */ = {isa = PBXFileReference; lastKnownFileType = file.storyboard; name = Base; path = Base.lproj/Main.storyboard; sourceTree = "<group>"; };
		9FFB361D22040EC0001F9A4D /* Last_FM_Albums.xcdatamodel */ = {isa = PBXFileReference; lastKnownFileType = wrapper.xcdatamodel; path = Last_FM_Albums.xcdatamodel; sourceTree = "<group>"; };
		9FFB361F22040EC2001F9A4D /* Assets.xcassets */ = {isa = PBXFileReference; lastKnownFileType = folder.assetcatalog; path = Assets.xcassets; sourceTree = "<group>"; };
		9FFB362222040EC2001F9A4D /* Base */ = {isa = PBXFileReference; lastKnownFileType = file.storyboard; name = Base; path = Base.lproj/LaunchScreen.storyboard; sourceTree = "<group>"; };
		9FFB362422040EC2001F9A4D /* Info.plist */ = {isa = PBXFileReference; lastKnownFileType = text.plist.xml; path = Info.plist; sourceTree = "<group>"; };
/* End PBXFileReference section */

/* Begin PBXFrameworksBuildPhase section */
		9FFB360F22040EC0001F9A4D /* Frameworks */ = {
			isa = PBXFrameworksBuildPhase;
			buildActionMask = 2147483647;
			files = (
			);
			runOnlyForDeploymentPostprocessing = 0;
		};
/* End PBXFrameworksBuildPhase section */

/* Begin PBXGroup section */
		9F58AD47221DE22400DF10C8 /* Albums */ = {
			isa = PBXGroup;
			children = (
				9FB1663D220AEA0B00240114 /* AlbumCell.swift */,
				9FB16630220ACD5400240114 /* AlbumsViewController.swift */,
				9FF631CA221C35AD00C037AD /* Albums.storyboard */,
			);
			path = Albums;
			sourceTree = "<group>";
		};
		9F58AD48221DE23000DF10C8 /* Detail */ = {
			isa = PBXGroup;
			children = (
				9F7D84F7220B713E00FEC5CF /* DetailViewController.swift */,
				9FF631CC221C35E900C037AD /* Detail.storyboard */,
				9F9E0B09220F5B5500BF9AAE /* StoredALbumsCell.swift */,
			);
			path = Detail;
			sourceTree = "<group>";
		};
		9F58AD49221DE26D00DF10C8 /* Main */ = {
			isa = PBXGroup;
			children = (
				9FFB361722040EC0001F9A4D /* MainScreenViewController.swift */,
				9FFB361922040EC0001F9A4D /* Main.storyboard */,
			);
			path = Main;
			sourceTree = "<group>";
		};
		9F58AD4A221DE27600DF10C8 /* Search */ = {
			isa = PBXGroup;
			children = (
				9FB166282209F45700240114 /* ArtistCell.swift */,
				9F192C462204CEFD001A00D6 /* SearchViewController.swift */,
				9FF631C8221C354100C037AD /* Search.storyboard */,
			);
			path = Search;
			sourceTree = "<group>";
		};
		9F7D84F4220B465800FEC5CF /* Models */ = {
			isa = PBXGroup;
			children = (
				9F192C48220503D2001A00D6 /* SearchArtistAPIModel.swift */,
				9F9E0B1122108E8E00BF9AAE /* SearchResults.swift */,
				9F9E0B1722108F3000BF9AAE /* Artistmatche.swift */,
				9F9E0B1322108EBC00BF9AAE /* Artist.swift */,
				9F9E0B1522108EF700BF9AAE /* Image.swift */,
				9F562B6E220AF0FB0084AA32 /* SearchAlbumAPIModel.swift */,
				9F9E0B192210900600BF9AAE /* Topalbum.swift */,
				9FF631CE221C456200C037AD /* AlbumName.swift */,
				9F9E0B1D2210901D00BF9AAE /* AlbumImage.swift */,
				9F7D84F1220B460000FEC5CF /* SearchAlbumDetailsAPIModel.swift */,
				9F9E0B1F2210906C00BF9AAE /* Album.swift */,
				9F9E0B212210908100BF9AAE /* Track.swift */,
			);
			path = Models;
			sourceTree = "<group>";
		};
		9FB1662D220ACBAC00240114 /* Networking */ = {
			isa = PBXGroup;
			children = (
				9FB1662E220ACBF300240114 /* Network.swift */,
			);
			path = Networking;
			sourceTree = "<group>";
		};
		9FB16638220ACF4400240114 /* Service */ = {
			isa = PBXGroup;
			children = (
				9FB16639220ACF6300240114 /* SaveData.swift */,
			);
			path = Service;
			sourceTree = "<group>";
		};
		9FFB360922040EC0001F9A4D = {
			isa = PBXGroup;
			children = (
				9FFB361422040EC0001F9A4D /* Last-FM Albums */,
				9FFB361322040EC0001F9A4D /* Products */,
			);
			sourceTree = "<group>";
		};
		9FFB361322040EC0001F9A4D /* Products */ = {
			isa = PBXGroup;
			children = (
				9FFB361222040EC0001F9A4D /* Last-FM Albums.app */,
			);
			name = Products;
			sourceTree = "<group>";
		};
		9FFB361422040EC0001F9A4D /* Last-FM Albums */ = {
			isa = PBXGroup;
			children = (
				9FFB361522040EC0001F9A4D /* AppDelegate.swift */,
				9F58AD47221DE22400DF10C8 /* Albums */,
				9FFB362C220413C7001F9A4D /* CoreData */,
				9F58AD48221DE23000DF10C8 /* Detail */,
				9F58AD49221DE26D00DF10C8 /* Main */,
				9F7D84F4220B465800FEC5CF /* Models */,
				9FB1662D220ACBAC00240114 /* Networking */,
				9F58AD4A221DE27600DF10C8 /* Search */,
				9FB16638220ACF4400240114 /* Service */,
				9FFB362E2204140A001F9A4D /* Info */,
			);
			path = "Last-FM Albums";
			sourceTree = "<group>";
		};
		9FFB362C220413C7001F9A4D /* CoreData */ = {
			isa = PBXGroup;
			children = (
				9FFB361C22040EC0001F9A4D /* DataModel.xcdatamodeld */,
				9FB16634220ACE6500240114 /* CoreDataManager.swift */,
				9FB1663B220ACFA700240114 /* AlbumDataStructure.swift */,
				9FB16632220ACE0C00240114 /* Albums +CoreDataClass.swift */,
				9FB16636220ACE9100240114 /* Albums +CoreDataProperties.swift */,
				9F9E0B0B22106B9F00BF9AAE /* TracksDataStructure.swift */,
				9F9E0B0D22106EB100BF9AAE /* Tracks +CoreDataClass.swift */,
				9F9E0B0F22106EDD00BF9AAE /* Tracks +CoreDataProperties.swift */,
			);
			path = CoreData;
			sourceTree = "<group>";
		};
		9FFB362E2204140A001F9A4D /* Info */ = {
			isa = PBXGroup;
			children = (
				9FFB362122040EC2001F9A4D /* LaunchScreen.storyboard */,
				9FFB361F22040EC2001F9A4D /* Assets.xcassets */,
				9FFB362422040EC2001F9A4D /* Info.plist */,
			);
			name = Info;
			sourceTree = "<group>";
		};
/* End PBXGroup section */

/* Begin PBXNativeTarget section */
		9FFB361122040EC0001F9A4D /* Last-FM Albums */ = {
			isa = PBXNativeTarget;
			buildConfigurationList = 9FFB362722040EC2001F9A4D /* Build configuration list for PBXNativeTarget "Last-FM Albums" */;
			buildPhases = (
				9FFB360E22040EC0001F9A4D /* Sources */,
				9FFB360F22040EC0001F9A4D /* Frameworks */,
				9FFB361022040EC0001F9A4D /* Resources */,
			);
			buildRules = (
			);
			dependencies = (
			);
			name = "Last-FM Albums";
			productName = "Last-FM Albums";
			productReference = 9FFB361222040EC0001F9A4D /* Last-FM Albums.app */;
			productType = "com.apple.product-type.application";
		};
/* End PBXNativeTarget section */

/* Begin PBXProject section */
		9FFB360A22040EC0001F9A4D /* Project object */ = {
			isa = PBXProject;
			attributes = {
				LastSwiftUpdateCheck = 1010;
				LastUpgradeCheck = 1010;
				ORGANIZATIONNAME = Ringo_02;
				TargetAttributes = {
					9FFB361122040EC0001F9A4D = {
						CreatedOnToolsVersion = 10.1;
					};
				};
			};
			buildConfigurationList = 9FFB360D22040EC0001F9A4D /* Build configuration list for PBXProject "Last-FM Albums" */;
			compatibilityVersion = "Xcode 9.3";
			developmentRegion = en;
			hasScannedForEncodings = 0;
			knownRegions = (
				en,
				Base,
			);
			mainGroup = 9FFB360922040EC0001F9A4D;
			productRefGroup = 9FFB361322040EC0001F9A4D /* Products */;
			projectDirPath = "";
			projectRoot = "";
			targets = (
				9FFB361122040EC0001F9A4D /* Last-FM Albums */,
			);
		};
/* End PBXProject section */

/* Begin PBXResourcesBuildPhase section */
		9FFB361022040EC0001F9A4D /* Resources */ = {
			isa = PBXResourcesBuildPhase;
			buildActionMask = 2147483647;
			files = (
				9FFB362322040EC2001F9A4D /* LaunchScreen.storyboard in Resources */,
				9FF631CB221C35AD00C037AD /* Albums.storyboard in Resources */,
				9FFB362022040EC2001F9A4D /* Assets.xcassets in Resources */,
				9FF631C9221C354100C037AD /* Search.storyboard in Resources */,
				9FFB361B22040EC0001F9A4D /* Main.storyboard in Resources */,
				9FF631CD221C35E900C037AD /* Detail.storyboard in Resources */,
			);
			runOnlyForDeploymentPostprocessing = 0;
		};
/* End PBXResourcesBuildPhase section */

/* Begin PBXSourcesBuildPhase section */
		9FFB360E22040EC0001F9A4D /* Sources */ = {
			isa = PBXSourcesBuildPhase;
			buildActionMask = 2147483647;
			files = (
				9FFB361822040EC0001F9A4D /* MainScreenViewController.swift in Sources */,
				9F9E0B1622108EF700BF9AAE /* Image.swift in Sources */,
				9F9E0B202210906C00BF9AAE /* Album.swift in Sources */,
				9FF631CF221C456200C037AD /* AlbumName.swift in Sources */,
				9FB16633220ACE0C00240114 /* Albums +CoreDataClass.swift in Sources */,
				9FB1663A220ACF6300240114 /* SaveData.swift in Sources */,
				9F192C49220503D2001A00D6 /* SearchArtistAPIModel.swift in Sources */,
				9F9E0B0A220F5B5500BF9AAE /* StoredALbumsCell.swift in Sources */,
				9FB16631220ACD5400240114 /* AlbumsViewController.swift in Sources */,
				9F9E0B1022106EDD00BF9AAE /* Tracks +CoreDataProperties.swift in Sources */,
				9FB166292209F45700240114 /* ArtistCell.swift in Sources */,
				9F9E0B222210908100BF9AAE /* Track.swift in Sources */,
				9F9E0B1822108F3000BF9AAE /* Artistmatche.swift in Sources */,
				9F9E0B1E2210901D00BF9AAE /* AlbumImage.swift in Sources */,
				9F562B6F220AF0FB0084AA32 /* SearchAlbumAPIModel.swift in Sources */,
				9F9E0B1A2210900600BF9AAE /* Topalbum.swift in Sources */,
				9FB1662F220ACBF300240114 /* Network.swift in Sources */,
				9F9E0B1222108E8E00BF9AAE /* SearchResults.swift in Sources */,
				9F9E0B0C22106B9F00BF9AAE /* TracksDataStructure.swift in Sources */,
				9F7D84F8220B713E00FEC5CF /* DetailViewController.swift in Sources */,
				9F9E0B1422108EBC00BF9AAE /* Artist.swift in Sources */,
				9FFB361E22040EC0001F9A4D /* DataModel.xcdatamodeld in Sources */,
				9FB1663C220ACFA700240114 /* AlbumDataStructure.swift in Sources */,
				9FB1663E220AEA0B00240114 /* AlbumCell.swift in Sources */,
				9F192C472204CEFD001A00D6 /* SearchViewController.swift in Sources */,
				9F7D84F2220B460000FEC5CF /* SearchAlbumDetailsAPIModel.swift in Sources */,
				9FFB361622040EC0001F9A4D /* AppDelegate.swift in Sources */,
				9FB16635220ACE6500240114 /* CoreDataManager.swift in Sources */,
				9F9E0B0E22106EB100BF9AAE /* Tracks +CoreDataClass.swift in Sources */,
				9FB16637220ACE9100240114 /* Albums +CoreDataProperties.swift in Sources */,
			);
			runOnlyForDeploymentPostprocessing = 0;
		};
/* End PBXSourcesBuildPhase section */

/* Begin PBXVariantGroup section */
		9FFB361922040EC0001F9A4D /* Main.storyboard */ = {
			isa = PBXVariantGroup;
			children = (
				9FFB361A22040EC0001F9A4D /* Base */,
			);
			name = Main.storyboard;
			sourceTree = "<group>";
		};
		9FFB362122040EC2001F9A4D /* LaunchScreen.storyboard */ = {
			isa = PBXVariantGroup;
			children = (
				9FFB362222040EC2001F9A4D /* Base */,
			);
			name = LaunchScreen.storyboard;
			sourceTree = "<group>";
		};
/* End PBXVariantGroup section */

/* Begin XCBuildConfiguration section */
		9FFB362522040EC2001F9A4D /* Debug */ = {
			isa = XCBuildConfiguration;
			buildSettings = {
				ALWAYS_SEARCH_USER_PATHS = NO;
				CLANG_ANALYZER_NONNULL = YES;
				CLANG_ANALYZER_NUMBER_OBJECT_CONVERSION = YES_AGGRESSIVE;
				CLANG_CXX_LANGUAGE_STANDARD = "gnu++14";
				CLANG_CXX_LIBRARY = "libc++";
				CLANG_ENABLE_MODULES = YES;
				CLANG_ENABLE_OBJC_ARC = YES;
				CLANG_ENABLE_OBJC_WEAK = YES;
				CLANG_WARN_BLOCK_CAPTURE_AUTORELEASING = YES;
				CLANG_WARN_BOOL_CONVERSION = YES;
				CLANG_WARN_COMMA = YES;
				CLANG_WARN_CONSTANT_CONVERSION = YES;
				CLANG_WARN_DEPRECATED_OBJC_IMPLEMENTATIONS = YES;
				CLANG_WARN_DIRECT_OBJC_ISA_USAGE = YES_ERROR;
				CLANG_WARN_DOCUMENTATION_COMMENTS = YES;
				CLANG_WARN_EMPTY_BODY = YES;
				CLANG_WARN_ENUM_CONVERSION = YES;
				CLANG_WARN_INFINITE_RECURSION = YES;
				CLANG_WARN_INT_CONVERSION = YES;
				CLANG_WARN_NON_LITERAL_NULL_CONVERSION = YES;
				CLANG_WARN_OBJC_IMPLICIT_RETAIN_SELF = YES;
				CLANG_WARN_OBJC_LITERAL_CONVERSION = YES;
				CLANG_WARN_OBJC_ROOT_CLASS = YES_ERROR;
				CLANG_WARN_RANGE_LOOP_ANALYSIS = YES;
				CLANG_WARN_STRICT_PROTOTYPES = YES;
				CLANG_WARN_SUSPICIOUS_MOVE = YES;
				CLANG_WARN_UNGUARDED_AVAILABILITY = YES_AGGRESSIVE;
				CLANG_WARN_UNREACHABLE_CODE = YES;
				CLANG_WARN__DUPLICATE_METHOD_MATCH = YES;
				CODE_SIGN_IDENTITY = "iPhone Developer";
				COPY_PHASE_STRIP = NO;
				DEBUG_INFORMATION_FORMAT = dwarf;
				ENABLE_STRICT_OBJC_MSGSEND = YES;
				ENABLE_TESTABILITY = YES;
				GCC_C_LANGUAGE_STANDARD = gnu11;
				GCC_DYNAMIC_NO_PIC = NO;
				GCC_NO_COMMON_BLOCKS = YES;
				GCC_OPTIMIZATION_LEVEL = 0;
				GCC_PREPROCESSOR_DEFINITIONS = (
					"DEBUG=1",
					"$(inherited)",
				);
				GCC_WARN_64_TO_32_BIT_CONVERSION = YES;
				GCC_WARN_ABOUT_RETURN_TYPE = YES_ERROR;
				GCC_WARN_UNDECLARED_SELECTOR = YES;
				GCC_WARN_UNINITIALIZED_AUTOS = YES_AGGRESSIVE;
				GCC_WARN_UNUSED_FUNCTION = YES;
				GCC_WARN_UNUSED_VARIABLE = YES;
				IPHONEOS_DEPLOYMENT_TARGET = 12.1;
				MTL_ENABLE_DEBUG_INFO = INCLUDE_SOURCE;
				MTL_FAST_MATH = YES;
				ONLY_ACTIVE_ARCH = YES;
				SDKROOT = iphoneos;
				SWIFT_ACTIVE_COMPILATION_CONDITIONS = DEBUG;
				SWIFT_OPTIMIZATION_LEVEL = "-Onone";
			};
			name = Debug;
		};
		9FFB362622040EC2001F9A4D /* Release */ = {
			isa = XCBuildConfiguration;
			buildSettings = {
				ALWAYS_SEARCH_USER_PATHS = NO;
				CLANG_ANALYZER_NONNULL = YES;
				CLANG_ANALYZER_NUMBER_OBJECT_CONVERSION = YES_AGGRESSIVE;
				CLANG_CXX_LANGUAGE_STANDARD = "gnu++14";
				CLANG_CXX_LIBRARY = "libc++";
				CLANG_ENABLE_MODULES = YES;
				CLANG_ENABLE_OBJC_ARC = YES;
				CLANG_ENABLE_OBJC_WEAK = YES;
				CLANG_WARN_BLOCK_CAPTURE_AUTORELEASING = YES;
				CLANG_WARN_BOOL_CONVERSION = YES;
				CLANG_WARN_COMMA = YES;
				CLANG_WARN_CONSTANT_CONVERSION = YES;
				CLANG_WARN_DEPRECATED_OBJC_IMPLEMENTATIONS = YES;
				CLANG_WARN_DIRECT_OBJC_ISA_USAGE = YES_ERROR;
				CLANG_WARN_DOCUMENTATION_COMMENTS = YES;
				CLANG_WARN_EMPTY_BODY = YES;
				CLANG_WARN_ENUM_CONVERSION = YES;
				CLANG_WARN_INFINITE_RECURSION = YES;
				CLANG_WARN_INT_CONVERSION = YES;
				CLANG_WARN_NON_LITERAL_NULL_CONVERSION = YES;
				CLANG_WARN_OBJC_IMPLICIT_RETAIN_SELF = YES;
				CLANG_WARN_OBJC_LITERAL_CONVERSION = YES;
				CLANG_WARN_OBJC_ROOT_CLASS = YES_ERROR;
				CLANG_WARN_RANGE_LOOP_ANALYSIS = YES;
				CLANG_WARN_STRICT_PROTOTYPES = YES;
				CLANG_WARN_SUSPICIOUS_MOVE = YES;
				CLANG_WARN_UNGUARDED_AVAILABILITY = YES_AGGRESSIVE;
				CLANG_WARN_UNREACHABLE_CODE = YES;
				CLANG_WARN__DUPLICATE_METHOD_MATCH = YES;
				CODE_SIGN_IDENTITY = "iPhone Developer";
				COPY_PHASE_STRIP = NO;
				DEBUG_INFORMATION_FORMAT = "dwarf-with-dsym";
				ENABLE_NS_ASSERTIONS = NO;
				ENABLE_STRICT_OBJC_MSGSEND = YES;
				GCC_C_LANGUAGE_STANDARD = gnu11;
				GCC_NO_COMMON_BLOCKS = YES;
				GCC_WARN_64_TO_32_BIT_CONVERSION = YES;
				GCC_WARN_ABOUT_RETURN_TYPE = YES_ERROR;
				GCC_WARN_UNDECLARED_SELECTOR = YES;
				GCC_WARN_UNINITIALIZED_AUTOS = YES_AGGRESSIVE;
				GCC_WARN_UNUSED_FUNCTION = YES;
				GCC_WARN_UNUSED_VARIABLE = YES;
				IPHONEOS_DEPLOYMENT_TARGET = 12.1;
				MTL_ENABLE_DEBUG_INFO = NO;
				MTL_FAST_MATH = YES;
				SDKROOT = iphoneos;
				SWIFT_COMPILATION_MODE = wholemodule;
				SWIFT_OPTIMIZATION_LEVEL = "-O";
				VALIDATE_PRODUCT = YES;
			};
			name = Release;
		};
		9FFB362822040EC2001F9A4D /* Debug */ = {
			isa = XCBuildConfiguration;
			buildSettings = {
				ALWAYS_EMBED_SWIFT_STANDARD_LIBRARIES = YES;
				ASSETCATALOG_COMPILER_APPICON_NAME = AppIcon;
				CODE_SIGN_STYLE = Automatic;
				DEVELOPMENT_TEAM = AL9TWT5H56;
				INFOPLIST_FILE = "Last-FM Albums/Info.plist";
				IPHONEOS_DEPLOYMENT_TARGET = 10.0;
				LD_RUNPATH_SEARCH_PATHS = (
					"$(inherited)",
					"@executable_path/Frameworks",
				);
				PRODUCT_BUNDLE_IDENTIFIER = "Franxxx.Last-FM-Albums";
				PRODUCT_NAME = "$(TARGET_NAME)";
				SWIFT_VERSION = 4.2;
				TARGETED_DEVICE_FAMILY = "1,2";
			};
			name = Debug;
		};
		9FFB362922040EC2001F9A4D /* Release */ = {
			isa = XCBuildConfiguration;
			buildSettings = {
				ALWAYS_EMBED_SWIFT_STANDARD_LIBRARIES = YES;
				ASSETCATALOG_COMPILER_APPICON_NAME = AppIcon;
				CODE_SIGN_STYLE = Automatic;
				DEVELOPMENT_TEAM = AL9TWT5H56;
				INFOPLIST_FILE = "Last-FM Albums/Info.plist";
				IPHONEOS_DEPLOYMENT_TARGET = 10.0;
				LD_RUNPATH_SEARCH_PATHS = (
					"$(inherited)",
					"@executable_path/Frameworks",
				);
				PRODUCT_BUNDLE_IDENTIFIER = "Franxxx.Last-FM-Albums";
				PRODUCT_NAME = "$(TARGET_NAME)";
				SWIFT_VERSION = 4.2;
				TARGETED_DEVICE_FAMILY = "1,2";
			};
			name = Release;
		};
/* End XCBuildConfiguration section */

/* Begin XCConfigurationList section */
		9FFB360D22040EC0001F9A4D /* Build configuration list for PBXProject "Last-FM Albums" */ = {
			isa = XCConfigurationList;
			buildConfigurations = (
				9FFB362522040EC2001F9A4D /* Debug */,
				9FFB362622040EC2001F9A4D /* Release */,
			);
			defaultConfigurationIsVisible = 0;
			defaultConfigurationName = Release;
		};
		9FFB362722040EC2001F9A4D /* Build configuration list for PBXNativeTarget "Last-FM Albums" */ = {
			isa = XCConfigurationList;
			buildConfigurations = (
				9FFB362822040EC2001F9A4D /* Debug */,
				9FFB362922040EC2001F9A4D /* Release */,
			);
			defaultConfigurationIsVisible = 0;
			defaultConfigurationName = Release;
		};
/* End XCConfigurationList section */

/* Begin XCVersionGroup section */
		9FFB361C22040EC0001F9A4D /* DataModel.xcdatamodeld */ = {
			isa = XCVersionGroup;
			children = (
				9FFB361D22040EC0001F9A4D /* Last_FM_Albums.xcdatamodel */,
			);
			currentVersion = 9FFB361D22040EC0001F9A4D /* Last_FM_Albums.xcdatamodel */;
			path = DataModel.xcdatamodeld;
			sourceTree = "<group>";
			versionGroupType = wrapper.xcdatamodel;
		};
/* End XCVersionGroup section */
	};
	rootObject = 9FFB360A22040EC0001F9A4D /* Project object */;
}
